
Microsoft Visual Studio Solution File, Format Version 12.00
# Visual Studio Version 17
VisualStudioVersion = 17.11.35312.102
MinimumVisualStudioVersion = 10.0.40219.1
Project("{2150E333-8FDC-42A3-9474-1A3956D46DE8}") = "src", "src", "{2FE30E3B-23F4-439A-8C39-8C5EC58253B9}"
EndProject
Project("{2150E333-8FDC-42A3-9474-1A3956D46DE8}") = "Application", "Application", "{C148130F-9D6A-43EB-B1F3-BA22C6AD619F}"
EndProject
Project("{2150E333-8FDC-42A3-9474-1A3956D46DE8}") = "Domain", "Domain", "{98EC5F0B-037E-467C-9157-B9854E0606D3}"
EndProject
Project("{2150E333-8FDC-42A3-9474-1A3956D46DE8}") = "Infrastructure", "Infrastructure", "{13BBC4D7-DFA6-4F1C-9BC7-DAF6905CEF80}"
EndProject
Project("{2150E333-8FDC-42A3-9474-1A3956D46DE8}") = "WebAPI", "WebAPI", "{CB653606-4323-44C0-90AE-BA0AA82EBD7C}"
EndProject
Project("{FAE04EC0-301F-11D3-BF4B-00C04F79EFBC}") = "BPS.Application", "BPS.Application\BPS.Application.csproj", "{5F1EB1A2-0715-4988-8FEA-508697BF95D7}"
EndProject
Project("{FAE04EC0-301F-11D3-BF4B-00C04F79EFBC}") = "BPS.Domain", "BPS.Domain\BPS.Domain.csproj", "{0186F549-C4A6-4D49-991D-9188C268EF99}"
EndProject
Project("{FAE04EC0-301F-11D3-BF4B-00C04F79EFBC}") = "BPS.Infrastructure", "BPS.Infrastructure\BPS.Infrastructure.csproj", "{D62D365C-F1D0-4767-AC3C-CED146C1A15C}"
EndProject
Project("{FAE04EC0-301F-11D3-BF4B-00C04F79EFBC}") = "BPS.API", "BPS.API\BPS.API.csproj", "{DC5612AC-CFC2-4AC5-A6EE-D882E220872E}"
EndProject
Global
	GlobalSection(SolutionConfigurationPlatforms) = preSolution
		Debug|Any CPU = Debug|Any CPU
		Release|Any CPU = Release|Any CPU
	EndGlobalSection
	GlobalSection(ProjectConfigurationPlatforms) = postSolution
		{5F1EB1A2-0715-4988-8FEA-508697BF95D7}.Debug|Any CPU.ActiveCfg = Debug|Any CPU
		{5F1EB1A2-0715-4988-8FEA-508697BF95D7}.Debug|Any CPU.Build.0 = Debug|Any CPU
		{5F1EB1A2-0715-4988-8FEA-508697BF95D7}.Release|Any CPU.ActiveCfg = Release|Any CPU
		{5F1EB1A2-0715-4988-8FEA-508697BF95D7}.Release|Any CPU.Build.0 = Release|Any CPU
		{0186F549-C4A6-4D49-991D-9188C268EF99}.Debug|Any CPU.ActiveCfg = Debug|Any CPU
		{0186F549-C4A6-4D49-991D-9188C268EF99}.Debug|Any CPU.Build.0 = Debug|Any CPU
		{0186F549-C4A6-4D49-991D-9188C268EF99}.Release|Any CPU.ActiveCfg = Release|Any CPU
		{0186F549-C4A6-4D49-991D-9188C268EF99}.Release|Any CPU.Build.0 = Release|Any CPU
		{D62D365C-F1D0-4767-AC3C-CED146C1A15C}.Debug|Any CPU.ActiveCfg = Debug|Any CPU
		{D62D365C-F1D0-4767-AC3C-CED146C1A15C}.Debug|Any CPU.Build.0 = Debug|Any CPU
		{D62D365C-F1D0-4767-AC3C-CED146C1A15C}.Release|Any CPU.ActiveCfg = Release|Any CPU
		{D62D365C-F1D0-4767-AC3C-CED146C1A15C}.Release|Any CPU.Build.0 = Release|Any CPU
		{DC5612AC-CFC2-4AC5-A6EE-D882E220872E}.Debug|Any CPU.ActiveCfg = Debug|Any CPU
		{DC5612AC-CFC2-4AC5-A6EE-D882E220872E}.Debug|Any CPU.Build.0 = Debug|Any CPU
		{DC5612AC-CFC2-4AC5-A6EE-D882E220872E}.Release|Any CPU.ActiveCfg = Release|Any CPU
		{DC5612AC-CFC2-4AC5-A6EE-D882E220872E}.Release|Any CPU.Build.0 = Release|Any CPU
	EndGlobalSection
	GlobalSection(SolutionProperties) = preSolution
		HideSolutionNode = FALSE
	EndGlobalSection
	GlobalSection(NestedProjects) = preSolution
		{C148130F-9D6A-43EB-B1F3-BA22C6AD619F} = {2FE30E3B-23F4-439A-8C39-8C5EC58253B9}
		{98EC5F0B-037E-467C-9157-B9854E0606D3} = {2FE30E3B-23F4-439A-8C39-8C5EC58253B9}
		{13BBC4D7-DFA6-4F1C-9BC7-DAF6905CEF80} = {2FE30E3B-23F4-439A-8C39-8C5EC58253B9}
		{CB653606-4323-44C0-90AE-BA0AA82EBD7C} = {2FE30E3B-23F4-439A-8C39-8C5EC58253B9}
		{5F1EB1A2-0715-4988-8FEA-508697BF95D7} = {C148130F-9D6A-43EB-B1F3-BA22C6AD619F}
		{0186F549-C4A6-4D49-991D-9188C268EF99} = {98EC5F0B-037E-467C-9157-B9854E0606D3}
		{D62D365C-F1D0-4767-AC3C-CED146C1A15C} = {13BBC4D7-DFA6-4F1C-9BC7-DAF6905CEF80}
		{DC5612AC-CFC2-4AC5-A6EE-D882E220872E} = {CB653606-4323-44C0-90AE-BA0AA82EBD7C}
	EndGlobalSection
	GlobalSection(ExtensibilityGlobals) = postSolution
		SolutionGuid = {3057AFC7-59CB-46A6-913D-E19D585349B5}
	EndGlobalSection
EndGlobal
